// !$*UTF8*$!
{
	archiveVersion = 1;
	classes = {
	};
	objectVersion = 77;
	objects = {

/* Begin PBXBuildFile section */
		A1000000000000000000B001 /* GRASPCore in Frameworks */ = {isa = PBXBuildFile; productRef = A1000000000000000000D001 /* GRASPCore */; };
		A1000000000000000000B002 /* Supabase in Frameworks */ = {isa = PBXBuildFile; productRef = A1000000000000000000D002 /* Supabase */; };
		A1000000000000000000B003 /* GRDB in Frameworks */ = {isa = PBXBuildFile; productRef = A1000000000000000000D003 /* GRDB */; };
		A1000000000000000000B111 /* Theme.swift in Sources */ = {isa = PBXBuildFile; fileRef = A1000000000000000000F111 /* Theme.swift */; };
		A1000000000000000000B211 /* Theme.swift in Sources */ = {isa = PBXBuildFile; fileRef = A1000000000000000000F111 /* Theme.swift */; };
		A1000000000000000000B112 /* ProgressBar.swift in Sources */ = {isa = PBXBuildFile; fileRef = A1000000000000000000F112 /* ProgressBar.swift */; };
		A1000000000000000000B212 /* ProgressBar.swift in Sources */ = {isa = PBXBuildFile; fileRef = A1000000000000000000F112 /* ProgressBar.swift */; };
		A1000000000000000000B113 /* WidgetSnapshot.swift in Sources */ = {isa = PBXBuildFile; fileRef = A1000000000000000000F113 /* WidgetSnapshot.swift */; };
		A1000000000000000000B213 /* WidgetSnapshot.swift in Sources */ = {isa = PBXBuildFile; fileRef = A1000000000000000000F113 /* WidgetSnapshot.swift */; };
		A1000000000000000000B114 /* WidgetLink.swift in Sources */ = {isa = PBXBuildFile; fileRef = A1000000000000000000F114 /* WidgetLink.swift */; };
		A1000000000000000000B214 /* WidgetLink.swift in Sources */ = {isa = PBXBuildFile; fileRef = A1000000000000000000F114 /* WidgetLink.swift */; };
		A1000000000000000000B010 /* GRASPWidgets.appex in Embed Foundation Extensions */ = {isa = PBXBuildFile; fileRef = A1000000000000000000F010 /* GRASPWidgets.appex */; settings = {ATTRIBUTES = (RemoveHeadersOnCopy, ); }; };
/* End PBXBuildFile section */

/* Begin PBXContainerItemProxy section */
		A1000000000000000000C101 /* PBXContainerItemProxy */ = {
			isa = PBXContainerItemProxy;
			containerPortal = A10000000000000000004001 /* Project object */;
			proxyType = 1;
			remoteGlobalIDString = A10000000000000000006002;
			remoteInfo = GRASPWidgetsiOS;
		};
/* End PBXContainerItemProxy section */

/* Begin PBXCopyFilesBuildPhase section */
		A1000000000000000000C010 /* Embed Foundation Extensions */ = {
			isa = PBXCopyFilesBuildPhase;
			buildActionMask = 2147483647;
			dstPath = "";
			dstSubfolderSpec = 13;
			files = (
				A1000000000000000000B010 /* GRASPWidgets.appex in Embed Foundation Extensions */,
			);
			name = "Embed Foundation Extensions";
			runOnlyForDeploymentPostprocessing = 0;
		};
/* End PBXCopyFilesBuildPhase section */

/* Begin PBXFileReference section */
		A1000000000000000000F001 /* GRASP.app */ = {isa = PBXFileReference; explicitFileType = wrapper.application; includeInIndex = 0; path = GRASP.app; sourceTree = BUILT_PRODUCTS_DIR; };
		A1000000000000000000F002 /* Info.plist */ = {isa = PBXFileReference; lastKnownFileType = text.plist.xml; path = Info.plist; sourceTree = "<group>"; };
		A1000000000000000000F111 /* Theme.swift */ = {isa = PBXFileReference; lastKnownFileType = sourcecode.swift; name = Theme.swift; path = ../Sources/GRASP/Shared/Theme.swift; sourceTree = "<group>"; };
		A1000000000000000000F112 /* ProgressBar.swift */ = {isa = PBXFileReference; lastKnownFileType = sourcecode.swift; name = ProgressBar.swift; path = ../Sources/GRASP/Shared/ProgressBar.swift; sourceTree = "<group>"; };
		A1000000000000000000F113 /* WidgetSnapshot.swift */ = {isa = PBXFileReference; lastKnownFileType = sourcecode.swift; name = WidgetSnapshot.swift; path = ../Sources/GRASPCore/Widgets/WidgetSnapshot.swift; sourceTree = "<group>"; };
		A1000000000000000000F114 /* WidgetLink.swift */ = {isa = PBXFileReference; lastKnownFileType = sourcecode.swift; name = WidgetLink.swift; path = ../Sources/GRASPCore/Widgets/WidgetLink.swift; sourceTree = "<group>"; };
		A1000000000000000000F010 /* GRASPWidgets.appex */ = {isa = PBXFileReference; explicitFileType = "wrapper.app-extension"; includeInIndex = 0; path = GRASPWidgets.appex; sourceTree = BUILT_PRODUCTS_DIR; };
		A1000000000000000000F020 /* GRASPWidgets.appex */ = {isa = PBXFileReference; explicitFileType = "wrapper.app-extension"; includeInIndex = 0; path = GRASPWidgets.appex; sourceTree = BUILT_PRODUCTS_DIR; };
		A1000000000000000000F030 /* GRASP.entitlements */ = {isa = PBXFileReference; lastKnownFileType = text.plist.entitlements; path = GRASP.entitlements; sourceTree = "<group>"; };
		A1000000000000000000F031 /* WidgetSupport */ = {isa = PBXFileReference; lastKnownFileType = folder; path = WidgetSupport; sourceTree = "<group>"; };
/* End PBXFileReference section */

/* Begin PBXFileSystemSynchronizedRootGroup section */
		A1000000000000000000E001 /* App */ = {
			isa = PBXFileSystemSynchronizedRootGroup;
			path = App;
			sourceTree = "<group>";
		};
		A1000000000000000000E002 /* Shared */ = {
			isa = PBXFileSystemSynchronizedRootGroup;
			name = Shared;
			path = ../Sources/GRASP/Shared;
			sourceTree = "<group>";
		};
		A1000000000000000000E003 /* Widgets */ = {
			isa = PBXFileSystemSynchronizedRootGroup;
			path = Widgets;
			sourceTree = "<group>";
		};
/* End PBXFileSystemSynchronizedRootGroup section */

/* Begin PBXFrameworksBuildPhase section */
		A1000000000000000000C002 /* Frameworks */ = {
			isa = PBXFrameworksBuildPhase;
			buildActionMask = 2147483647;
			files = (
				A1000000000000000000B001 /* GRASPCore in Frameworks */,
				A1000000000000000000B002 /* Supabase in Frameworks */,
				A1000000000000000000B003 /* GRDB in Frameworks */,
			);
			runOnlyForDeploymentPostprocessing = 0;
		};
		A1000000000000000000C012 /* Frameworks */ = {
			isa = PBXFrameworksBuildPhase;
			buildActionMask = 2147483647;
			files = (
			);
			runOnlyForDeploymentPostprocessing = 0;
		};
		A1000000000000000000C022 /* Frameworks */ = {
			isa = PBXFrameworksBuildPhase;
			buildActionMask = 2147483647;
			files = (
			);
			runOnlyForDeploymentPostprocessing = 0;
		};
/* End PBXFrameworksBuildPhase section */

/* Begin PBXGroup section */
		A1000000000000000000A001 = {
			isa = PBXGroup;
			children = (
				A1000000000000000000E001 /* App */,
				A1000000000000000000E002 /* Shared */,
				A1000000000000000000F002 /* Info.plist */,
				A1000000000000000000E003 /* Widgets */,
				A1000000000000000000A003 /* Widget Shared Sources */,
				A1000000000000000000F031 /* WidgetSupport */,
				A1000000000000000000F030 /* GRASP.entitlements */,
				A1000000000000000000A002 /* Products */,
			);
			sourceTree = "<group>";
		};
		A1000000000000000000A002 /* Products */ = {
			isa = PBXGroup;
			children = (
				A1000000000000000000F001 /* GRASP.app */,
				A1000000000000000000F010 /* GRASPWidgets.appex */,
				A1000000000000000000F020 /* GRASPWidgets.appex */,
			);
			name = Products;
			sourceTree = "<group>";
		};
		A1000000000000000000A003 /* Widget Shared Sources */ = {
			isa = PBXGroup;
			children = (
				A1000000000000000000F111 /* Theme.swift */,
				A1000000000000000000F112 /* ProgressBar.swift */,
				A1000000000000000000F113 /* WidgetSnapshot.swift */,
				A1000000000000000000F114 /* WidgetLink.swift */,
			);
			name = "Widget Shared Sources";
			sourceTree = "<group>";
		};
/* End PBXGroup section */

/* Begin PBXNativeTarget section */
		A10000000000000000006001 /* GRASPiOS */ = {
			isa = PBXNativeTarget;
			buildConfigurationList = A10000000000000000003002 /* Build configuration list for PBXNativeTarget "GRASPiOS" */;
			buildPhases = (
				A1000000000000000000C001 /* Sources */,
				A1000000000000000000C002 /* Frameworks */,
				A1000000000000000000C003 /* Resources */,
				A1000000000000000000C010 /* Embed Foundation Extensions */,
			);
			buildRules = (
			);
			dependencies = (
				A1000000000000000000C102 /* PBXTargetDependency */,
			);
			fileSystemSynchronizedGroups = (
				A1000000000000000000E001 /* App */,
				A1000000000000000000E002 /* Shared */,
			);
			name = GRASPiOS;
			packageProductDependencies = (
				A1000000000000000000D001 /* GRASPCore */,
				A1000000000000000000D002 /* Supabase */,
				A1000000000000000000D003 /* GRDB */,
			);
			productName = GRASPiOS;
			productReference = A1000000000000000000F001 /* GRASP.app */;
			productType = "com.apple.product-type.application";
		};
		A10000000000000000006002 /* GRASPWidgetsiOS */ = {
			isa = PBXNativeTarget;
			buildConfigurationList = A10000000000000000003003;
			buildPhases = (
				A1000000000000000000C011 /* Sources */,
				A1000000000000000000C012 /* Frameworks */,
			);
			buildRules = (
			);
			dependencies = (
			);
			fileSystemSynchronizedGroups = (
				A1000000000000000000E003 /* Widgets */,
			);
			name = GRASPWidgetsiOS;
			productName = GRASPWidgets;
			productReference = A1000000000000000000F010 /* GRASPWidgets.appex */;
			productType = "com.apple.product-type.app-extension";
		};
		A10000000000000000006003 /* GRASPWidgetsMac */ = {
			isa = PBXNativeTarget;
			buildConfigurationList = A10000000000000000003004;
			buildPhases = (
				A1000000000000000000C021 /* Sources */,
				A1000000000000000000C022 /* Frameworks */,
			);
			buildRules = (
			);
			dependencies = (
			);
			fileSystemSynchronizedGroups = (
				A1000000000000000000E003 /* Widgets */,
			);
			name = GRASPWidgetsMac;
			productName = GRASPWidgets;
			productReference = A1000000000000000000F020 /* GRASPWidgets.appex */;
			productType = "com.apple.product-type.app-extension";
		};
/* End PBXNativeTarget section */

/* Begin PBXProject section */
		A10000000000000000004001 /* Project object */ = {
			isa = PBXProject;
			attributes = {
				BuildIndependentTargetsInParallel = 1;
				LastSwiftUpdateCheck = 2700;
				LastUpgradeCheck = 2700;
			};
			buildConfigurationList = A10000000000000000003001 /* Build configuration list for PBXProject "GRASPiOS" */;
			developmentRegion = en;
			hasScannedForEncodings = 0;
			knownRegions = (
				en,
				Base,
			);
			mainGroup = A1000000000000000000A001;
			minimizedProjectReferenceProxies = 1;
			packageReferences = (
				A10000000000000000005001 /* XCLocalSwiftPackageReference ".." */,
				A10000000000000000005002 /* XCRemoteSwiftPackageReference "supabase-swift" */,
				A10000000000000000005003 /* XCRemoteSwiftPackageReference "GRDB.swift" */,
			);
			preferredProjectObjectVersion = 77;
			productRefGroup = A1000000000000000000A002 /* Products */;
			projectDirPath = "";
			projectRoot = "";
			targets = (
				A10000000000000000006001 /* GRASPiOS */,
				A10000000000000000006002 /* GRASPWidgetsiOS */,
				A10000000000000000006003 /* GRASPWidgetsMac */,
			);
		};
/* End PBXProject section */

/* Begin PBXResourcesBuildPhase section */
		A1000000000000000000C003 /* Resources */ = {
			isa = PBXResourcesBuildPhase;
			buildActionMask = 2147483647;
			files = (
			);
			runOnlyForDeploymentPostprocessing = 0;
		};
/* End PBXResourcesBuildPhase section */

/* Begin PBXSourcesBuildPhase section */
		A1000000000000000000C001 /* Sources */ = {
			isa = PBXSourcesBuildPhase;
			buildActionMask = 2147483647;
			files = (
			);
			runOnlyForDeploymentPostprocessing = 0;
		};
		A1000000000000000000C011 /* Sources */ = {
			isa = PBXSourcesBuildPhase;
			buildActionMask = 2147483647;
			files = (
				A1000000000000000000B111 /* Theme.swift in Sources */,
				A1000000000000000000B112 /* ProgressBar.swift in Sources */,
				A1000000000000000000B113 /* WidgetSnapshot.swift in Sources */,
				A1000000000000000000B114 /* WidgetLink.swift in Sources */,
			);
			runOnlyForDeploymentPostprocessing = 0;
		};
		A1000000000000000000C021 /* Sources */ = {
			isa = PBXSourcesBuildPhase;
			buildActionMask = 2147483647;
			files = (
				A1000000000000000000B211 /* Theme.swift in Sources */,
				A1000000000000000000B212 /* ProgressBar.swift in Sources */,
				A1000000000000000000B213 /* WidgetSnapshot.swift in Sources */,
				A1000000000000000000B214 /* WidgetLink.swift in Sources */,
			);
			runOnlyForDeploymentPostprocessing = 0;
		};
/* End PBXSourcesBuildPhase section */

/* Begin PBXTargetDependency section */
		A1000000000000000000C102 /* PBXTargetDependency */ = {
			isa = PBXTargetDependency;
			target = A10000000000000000006002 /* GRASPWidgetsiOS */;
			targetProxy = A1000000000000000000C101 /* PBXContainerItemProxy */;
		};
/* End PBXTargetDependency section */

/* Begin XCBuildConfiguration section */
		A10000000000000000002001 /* Debug */ = {
			isa = XCBuildConfiguration;
			buildSettings = {
				ALWAYS_SEARCH_USER_PATHS = NO;
				CLANG_ENABLE_MODULES = YES;
				CLANG_ENABLE_OBJC_ARC = YES;
				COPY_PHASE_STRIP = NO;
				DEBUG_INFORMATION_FORMAT = dwarf;
				ENABLE_STRICT_OBJC_MSGSEND = YES;
				ENABLE_TESTABILITY = YES;
				ENABLE_USER_SCRIPT_SANDBOXING = YES;
				GCC_OPTIMIZATION_LEVEL = 0;
				IPHONEOS_DEPLOYMENT_TARGET = 18.0;
				MTL_ENABLE_DEBUG_INFO = INCLUDE_SOURCE;
				ONLY_ACTIVE_ARCH = YES;
				SDKROOT = iphoneos;
				SWIFT_ACTIVE_COMPILATION_CONDITIONS = "DEBUG $(inherited)";
				SWIFT_OPTIMIZATION_LEVEL = "-Onone";
			};
			name = Debug;
		};
		A10000000000000000002002 /* Release */ = {
			isa = XCBuildConfiguration;
			buildSettings = {
				ALWAYS_SEARCH_USER_PATHS = NO;
				CLANG_ENABLE_MODULES = YES;
				CLANG_ENABLE_OBJC_ARC = YES;
				COPY_PHASE_STRIP = NO;
				DEBUG_INFORMATION_FORMAT = "dwarf-with-dsym";
				ENABLE_NS_ASSERTIONS = NO;
				ENABLE_STRICT_OBJC_MSGSEND = YES;
				ENABLE_USER_SCRIPT_SANDBOXING = YES;
				IPHONEOS_DEPLOYMENT_TARGET = 18.0;
				SDKROOT = iphoneos;
				SWIFT_COMPILATION_MODE = wholemodule;
				VALIDATE_PRODUCT = YES;
			};
			name = Release;
		};
		A10000000000000000002003 /* Debug */ = {
			isa = XCBuildConfiguration;
			buildSettings = {
				ASSETCATALOG_COMPILER_APPICON_NAME = AppIcon;
				ASSETCATALOG_COMPILER_GLOBAL_ACCENT_COLOR_NAME = AccentColor;
				CODE_SIGN_ENTITLEMENTS = GRASP.entitlements;
				CODE_SIGN_STYLE = Automatic;
				CURRENT_PROJECT_VERSION = 1;
				DEVELOPMENT_TEAM = L6PBP46NZU;
				ENABLE_PREVIEWS = YES;
				GENERATE_INFOPLIST_FILE = YES;
				INFOPLIST_FILE = Info.plist;
				INFOPLIST_KEY_CFBundleDisplayName = GRASP;
				INFOPLIST_KEY_UIApplicationSceneManifest_Generation = YES;
				INFOPLIST_KEY_UILaunchScreen_Generation = YES;
				INFOPLIST_KEY_UISupportedInterfaceOrientations = "UIInterfaceOrientationPortrait UIInterfaceOrientationLandscapeLeft UIInterfaceOrientationLandscapeRight";
				INFOPLIST_KEY_UISupportedInterfaceOrientations_iPad = "UIInterfaceOrientationPortrait UIInterfaceOrientationPortraitUpsideDown UIInterfaceOrientationLandscapeLeft UIInterfaceOrientationLandscapeRight";
				LD_RUNPATH_SEARCH_PATHS = (
					"$(inherited)",
					"@executable_path/Frameworks",
				);
				MARKETING_VERSION = 0.1.0;
				PRODUCT_BUNDLE_IDENTIFIER = com.tyvillan.grasp.ios;
				PRODUCT_NAME = GRASP;
				SWIFT_APPROACHABLE_CONCURRENCY = YES;
				SWIFT_DEFAULT_ACTOR_ISOLATION = MainActor;
				SWIFT_EMIT_LOC_STRINGS = YES;
				SWIFT_VERSION = 6.0;
				TARGETED_DEVICE_FAMILY = "1,2";
			};
			name = Debug;
		};
		A10000000000000000002004 /* Release */ = {
			isa = XCBuildConfiguration;
			buildSettings = {
				ASSETCATALOG_COMPILER_APPICON_NAME = AppIcon;
				ASSETCATALOG_COMPILER_GLOBAL_ACCENT_COLOR_NAME = AccentColor;
				CODE_SIGN_ENTITLEMENTS = GRASP.entitlements;
				CODE_SIGN_STYLE = Automatic;
				CURRENT_PROJECT_VERSION = 1;
				DEVELOPMENT_TEAM = L6PBP46NZU;
				ENABLE_PREVIEWS = YES;
				GENERATE_INFOPLIST_FILE = YES;
				INFOPLIST_FILE = Info.plist;
				INFOPLIST_KEY_CFBundleDisplayName = GRASP;
				INFOPLIST_KEY_UIApplicationSceneManifest_Generation = YES;
				INFOPLIST_KEY_UILaunchScreen_Generation = YES;
				INFOPLIST_KEY_UISupportedInterfaceOrientations = "UIInterfaceOrientationPortrait UIInterfaceOrientationLandscapeLeft UIInterfaceOrientationLandscapeRight";
				INFOPLIST_KEY_UISupportedInterfaceOrientations_iPad = "UIInterfaceOrientationPortrait UIInterfaceOrientationPortraitUpsideDown UIInterfaceOrientationLandscapeLeft UIInterfaceOrientationLandscapeRight";
				LD_RUNPATH_SEARCH_PATHS = (
					"$(inherited)",
					"@executable_path/Frameworks",
				);
				MARKETING_VERSION = 0.1.0;
				PRODUCT_BUNDLE_IDENTIFIER = com.tyvillan.grasp.ios;
				PRODUCT_NAME = GRASP;
				SWIFT_APPROACHABLE_CONCURRENCY = YES;
				SWIFT_DEFAULT_ACTOR_ISOLATION = MainActor;
				SWIFT_EMIT_LOC_STRINGS = YES;
				SWIFT_VERSION = 6.0;
				TARGETED_DEVICE_FAMILY = "1,2";
			};
			name = Release;
		};
		A10000000000000000002005 /* Debug */ = {
			isa = XCBuildConfiguration;
			buildSettings = {
				CODE_SIGN_STYLE = Automatic;
				CURRENT_PROJECT_VERSION = 1;
				DEVELOPMENT_TEAM = L6PBP46NZU;
				GENERATE_INFOPLIST_FILE = YES;
				INFOPLIST_FILE = "WidgetSupport/Widgets-Info.plist";
				INFOPLIST_KEY_CFBundleDisplayName = GRASP;
				INFOPLIST_KEY_NSHumanReadableCopyright = "Tyler Villanueva";
				MARKETING_VERSION = 0.1.0;
				PRODUCT_NAME = GRASPWidgets;
				SKIP_INSTALL = YES;
				SWIFT_APPROACHABLE_CONCURRENCY = YES;
				SWIFT_DEFAULT_ACTOR_ISOLATION = MainActor;
				SWIFT_EMIT_LOC_STRINGS = YES;
				SWIFT_VERSION = 6.0;
				CODE_SIGN_ENTITLEMENTS = "WidgetSupport/GRASPWidgets-iOS.entitlements";
				IPHONEOS_DEPLOYMENT_TARGET = 18.0;
				LD_RUNPATH_SEARCH_PATHS = (
					"$(inherited)",
					"@executable_path/Frameworks",
					"@executable_path/../../Frameworks",
				);
				PRODUCT_BUNDLE_IDENTIFIER = com.tyvillan.grasp.ios.widgets;
				SDKROOT = iphoneos;
				TARGETED_DEVICE_FAMILY = "1,2";
			};
			name = Debug;
		};
		A10000000000000000002006 /* Release */ = {
			isa = XCBuildConfiguration;
			buildSettings = {
				CODE_SIGN_STYLE = Automatic;
				CURRENT_PROJECT_VERSION = 1;
				DEVELOPMENT_TEAM = L6PBP46NZU;
				GENERATE_INFOPLIST_FILE = YES;
				INFOPLIST_FILE = "WidgetSupport/Widgets-Info.plist";
				INFOPLIST_KEY_CFBundleDisplayName = GRASP;
				INFOPLIST_KEY_NSHumanReadableCopyright = "Tyler Villanueva";
				MARKETING_VERSION = 0.1.0;
				PRODUCT_NAME = GRASPWidgets;
				SKIP_INSTALL = YES;
				SWIFT_APPROACHABLE_CONCURRENCY = YES;
				SWIFT_DEFAULT_ACTOR_ISOLATION = MainActor;
				SWIFT_EMIT_LOC_STRINGS = YES;
				SWIFT_VERSION = 6.0;
				CODE_SIGN_ENTITLEMENTS = "WidgetSupport/GRASPWidgets-iOS.entitlements";
				IPHONEOS_DEPLOYMENT_TARGET = 18.0;
				LD_RUNPATH_SEARCH_PATHS = (
					"$(inherited)",
					"@executable_path/Frameworks",
					"@executable_path/../../Frameworks",
				);
				PRODUCT_BUNDLE_IDENTIFIER = com.tyvillan.grasp.ios.widgets;
				SDKROOT = iphoneos;
				TARGETED_DEVICE_FAMILY = "1,2";
			};
			name = Release;
		};
		A10000000000000000002007 /* Debug */ = {
			isa = XCBuildConfiguration;
			buildSettings = {
				CODE_SIGN_STYLE = Automatic;
				CURRENT_PROJECT_VERSION = 1;
				DEVELOPMENT_TEAM = L6PBP46NZU;
				GENERATE_INFOPLIST_FILE = YES;
				INFOPLIST_FILE = "WidgetSupport/Widgets-Info.plist";
				INFOPLIST_KEY_CFBundleDisplayName = GRASP;
				INFOPLIST_KEY_NSHumanReadableCopyright = "Tyler Villanueva";
				MARKETING_VERSION = 0.1.0;
				PRODUCT_NAME = GRASPWidgets;
				SKIP_INSTALL = YES;
				SWIFT_APPROACHABLE_CONCURRENCY = YES;
				SWIFT_DEFAULT_ACTOR_ISOLATION = MainActor;
				SWIFT_EMIT_LOC_STRINGS = YES;
				SWIFT_VERSION = 6.0;
				CODE_SIGN_ENTITLEMENTS = "WidgetSupport/GRASPWidgets-macOS.entitlements";
				ENABLE_APP_SANDBOX = YES;
				LD_RUNPATH_SEARCH_PATHS = (
					"$(inherited)",
					"@executable_path/../Frameworks",
					"@executable_path/../../../../Frameworks",
				);
				MACOSX_DEPLOYMENT_TARGET = 14.0;
				PRODUCT_BUNDLE_IDENTIFIER = com.tyvillan.grasp.widgets;
				SDKROOT = macosx;
				SUPPORTED_PLATFORMS = macosx;
			};
			name = Debug;
		};
		A10000000000000000002008 /* Release */ = {
			isa = XCBuildConfiguration;
			buildSettings = {
				CODE_SIGN_STYLE = Automatic;
				CURRENT_PROJECT_VERSION = 1;
				DEVELOPMENT_TEAM = L6PBP46NZU;
				GENERATE_INFOPLIST_FILE = YES;
				INFOPLIST_FILE = "WidgetSupport/Widgets-Info.plist";
				INFOPLIST_KEY_CFBundleDisplayName = GRASP;
				INFOPLIST_KEY_NSHumanReadableCopyright = "Tyler Villanueva";
				MARKETING_VERSION = 0.1.0;
				PRODUCT_NAME = GRASPWidgets;
				SKIP_INSTALL = YES;
				SWIFT_APPROACHABLE_CONCURRENCY = YES;
				SWIFT_DEFAULT_ACTOR_ISOLATION = MainActor;
				SWIFT_EMIT_LOC_STRINGS = YES;
				SWIFT_VERSION = 6.0;
				CODE_SIGN_ENTITLEMENTS = "WidgetSupport/GRASPWidgets-macOS.entitlements";
				ENABLE_APP_SANDBOX = YES;
				LD_RUNPATH_SEARCH_PATHS = (
					"$(inherited)",
					"@executable_path/../Frameworks",
					"@executable_path/../../../../Frameworks",
				);
				MACOSX_DEPLOYMENT_TARGET = 14.0;
				PRODUCT_BUNDLE_IDENTIFIER = com.tyvillan.grasp.widgets;
				SDKROOT = macosx;
				SUPPORTED_PLATFORMS = macosx;
			};
			name = Release;
		};
/* End XCBuildConfiguration section */

/* Begin XCConfigurationList section */
		A10000000000000000003001 /* Build configuration list for PBXProject "GRASPiOS" */ = {
			isa = XCConfigurationList;
			buildConfigurations = (
				A10000000000000000002001 /* Debug */,
				A10000000000000000002002 /* Release */,
			);
			defaultConfigurationIsVisible = 0;
			defaultConfigurationName = Release;
		};
		A10000000000000000003002 /* Build configuration list for PBXNativeTarget "GRASPiOS" */ = {
			isa = XCConfigurationList;
			buildConfigurations = (
				A10000000000000000002003 /* Debug */,
				A10000000000000000002004 /* Release */,
			);
			defaultConfigurationIsVisible = 0;
			defaultConfigurationName = Release;
		};
		A10000000000000000003003 /* Build configuration list for PBXNativeTarget "GRASPWidgetsiOS" */ = {
			isa = XCConfigurationList;
			buildConfigurations = (
				A10000000000000000002005 /* Debug */,
				A10000000000000000002006 /* Release */,
			);
			defaultConfigurationIsVisible = 0;
			defaultConfigurationName = Release;
		};
		A10000000000000000003004 /* Build configuration list for PBXNativeTarget "GRASPWidgetsMac" */ = {
			isa = XCConfigurationList;
			buildConfigurations = (
				A10000000000000000002007 /* Debug */,
				A10000000000000000002008 /* Release */,
			);
			defaultConfigurationIsVisible = 0;
			defaultConfigurationName = Release;
		};
/* End XCConfigurationList section */

/* Begin XCLocalSwiftPackageReference section */
		A10000000000000000005001 /* XCLocalSwiftPackageReference ".." */ = {
			isa = XCLocalSwiftPackageReference;
			relativePath = ..;
		};
/* End XCLocalSwiftPackageReference section */

/* Begin XCRemoteSwiftPackageReference section */
		A10000000000000000005002 /* XCRemoteSwiftPackageReference "supabase-swift" */ = {
			isa = XCRemoteSwiftPackageReference;
			repositoryURL = "https://github.com/supabase/supabase-swift.git";
			requirement = {
				kind = upToNextMajorVersion;
				minimumVersion = 2.0.0;
			};
		};
		A10000000000000000005003 /* XCRemoteSwiftPackageReference "GRDB.swift" */ = {
			isa = XCRemoteSwiftPackageReference;
			repositoryURL = "https://github.com/groue/GRDB.swift.git";
			requirement = {
				kind = upToNextMajorVersion;
				minimumVersion = 7.10.0;
			};
		};
/* End XCRemoteSwiftPackageReference section */

/* Begin XCSwiftPackageProductDependency section */
		A1000000000000000000D001 /* GRASPCore */ = {
			isa = XCSwiftPackageProductDependency;
			package = A10000000000000000005001 /* XCLocalSwiftPackageReference ".." */;
			productName = GRASPCore;
		};
		A1000000000000000000D002 /* Supabase */ = {
			isa = XCSwiftPackageProductDependency;
			package = A10000000000000000005002 /* XCRemoteSwiftPackageReference "supabase-swift" */;
			productName = Supabase;
		};
		A1000000000000000000D003 /* GRDB */ = {
			isa = XCSwiftPackageProductDependency;
			package = A10000000000000000005003 /* XCRemoteSwiftPackageReference "GRDB.swift" */;
			productName = GRDB;
		};
/* End XCSwiftPackageProductDependency section */
	};
	rootObject = A10000000000000000004001 /* Project object */;
}
